
Microsoft Visual Studio Solution File, Format Version 12.00
# Visual Studio Version 17
VisualStudioVersion = 17.6.33815.320
MinimumVisualStudioVersion = 10.0.40219.1
Project("{FAE04EC0-301F-11D3-BF4B-00C04F79EFBC}") = "OrderDeliveryStatus1.1", "OrderDeliveryStatus1.1.csproj", "{17D1BEC0-6F65-47D8-864A-B89311AFBA4A}"
EndProject
Project("{FAE04EC0-301F-11D3-BF4B-00C04F79EFBC}") = "SwitchCase1.2", "..\SwitchCase1.2\SwitchCase1.2.csproj", "{17B12B6F-967B-4532-9DB4-94783CAA50E7}"
EndProject
Global
	GlobalSection(SolutionConfigurationPlatforms) = preSolution
		Debug|Any CPU = Debug|Any CPU
		Release|Any CPU = Release|Any CPU
	EndGlobalSection
	GlobalSection(ProjectConfigurationPlatforms) = postSolution
		{17D1BEC0-6F65-47D8-864A-B89311AFBA4A}.Debug|Any CPU.ActiveCfg = Debug|Any CPU
		{17D1BEC0-6F65-47D8-864A-B89311AFBA4A}.Debug|Any CPU.Build.0 = Debug|Any CPU
		{17D1BEC0-6F65-47D8-864A-B89311AFBA4A}.Release|Any CPU.ActiveCfg = Release|Any CPU
		{17D1BEC0-6F65-47D8-864A-B89311AFBA4A}.Release|Any CPU.Build.0 = Release|Any CPU
		{17B12B6F-967B-4532-9DB4-94783CAA50E7}.Debug|Any CPU.ActiveCfg = Debug|Any CPU
		{17B12B6F-967B-4532-9DB4-94783CAA50E7}.Debug|Any CPU.Build.0 = Debug|Any CPU
		{17B12B6F-967B-4532-9DB4-94783CAA50E7}.Release|Any CPU.ActiveCfg = Release|Any CPU
		{17B12B6F-967B-4532-9DB4-94783CAA50E7}.Release|Any CPU.Build.0 = Release|Any CPU
	EndGlobalSection
	GlobalSection(SolutionProperties) = preSolution
		HideSolutionNode = FALSE
	EndGlobalSection
	GlobalSection(ExtensibilityGlobals) = postSolution
		SolutionGuid = {08A882F8-7CF5-4D73-AD37-677FDB596B4C}
	EndGlobalSection
EndGlobal
