
Microsoft Visual Studio Solution File, Format Version 12.00
# Visual Studio Version 17
VisualStudioVersion = 17.6.33815.320
MinimumVisualStudioVersion = 10.0.40219.1
Project("{FAE04EC0-301F-11D3-BF4B-00C04F79EFBC}") = "CustomerDataValidation4.2", "CustomerDataValidation4.2.csproj", "{07383BB1-3E3A-4CA0-98B5-B681ED8B8674}"
EndProject
Global
	GlobalSection(SolutionConfigurationPlatforms) = preSolution
		Debug|Any CPU = Debug|Any CPU
		Release|Any CPU = Release|Any CPU
	EndGlobalSection
	GlobalSection(ProjectConfigurationPlatforms) = postSolution
		{07383BB1-3E3A-4CA0-98B5-B681ED8B8674}.Debug|Any CPU.ActiveCfg = Debug|Any CPU
		{07383BB1-3E3A-4CA0-98B5-B681ED8B8674}.Debug|Any CPU.Build.0 = Debug|Any CPU
		{07383BB1-3E3A-4CA0-98B5-B681ED8B8674}.Release|Any CPU.ActiveCfg = Release|Any CPU
		{07383BB1-3E3A-4CA0-98B5-B681ED8B8674}.Release|Any CPU.Build.0 = Release|Any CPU
	EndGlobalSection
	GlobalSection(SolutionProperties) = preSolution
		HideSolutionNode = FALSE
	EndGlobalSection
	GlobalSection(ExtensibilityGlobals) = postSolution
		SolutionGuid = {F88BAC94-1276-4AD5-97BF-84C3F36533EE}
	EndGlobalSection
EndGlobal
