
Microsoft Visual Studio Solution File, Format Version 12.00
# Visual Studio Version 17
VisualStudioVersion = 17.6.33815.320
MinimumVisualStudioVersion = 10.0.40219.1
Project("{FAE04EC0-301F-11D3-BF4B-00C04F79EFBC}") = "ArrayParcelTracking3.1", "ArrayParcelTracking3.1.csproj", "{91BBD69F-8D3C-4F29-A617-39C71851BB53}"
EndProject
Global
	GlobalSection(SolutionConfigurationPlatforms) = preSolution
		Debug|Any CPU = Debug|Any CPU
		Release|Any CPU = Release|Any CPU
	EndGlobalSection
	GlobalSection(ProjectConfigurationPlatforms) = postSolution
		{91BBD69F-8D3C-4F29-A617-39C71851BB53}.Debug|Any CPU.ActiveCfg = Debug|Any CPU
		{91BBD69F-8D3C-4F29-A617-39C71851BB53}.Debug|Any CPU.Build.0 = Debug|Any CPU
		{91BBD69F-8D3C-4F29-A617-39C71851BB53}.Release|Any CPU.ActiveCfg = Release|Any CPU
		{91BBD69F-8D3C-4F29-A617-39C71851BB53}.Release|Any CPU.Build.0 = Release|Any CPU
	EndGlobalSection
	GlobalSection(SolutionProperties) = preSolution
		HideSolutionNode = FALSE
	EndGlobalSection
	GlobalSection(ExtensibilityGlobals) = postSolution
		SolutionGuid = {61393C99-5DE3-4081-87CF-5FC93A67CE65}
	EndGlobalSection
EndGlobal
